
Microsoft Visual Studio Solution File, Format Version 12.00
# Visual Studio Version 16
VisualStudioVersion = 16.0.31702.278
MinimumVisualStudioVersion = 10.0.40219.1
Project("{9A19103F-16F7-4668-BE54-9A1E7A4F7556}") = "TicketSystem", "TicketSystem\TicketSystem.csproj", "{29DF4D30-ABB8-4C39-B5F2-33786B7D45C8}"
EndProject
Project("{FAE04EC0-301F-11D3-BF4B-00C04F79EFBC}") = "TicketSystemAPI", "TicketSystemAPI\TicketSystemAPI.csproj", "{3C4EF08A-0F98-4B92-850A-A9CFFDD20ED0}"
EndProject
Project("{FAE04EC0-301F-11D3-BF4B-00C04F79EFBC}") = "TicketSystemLib", "TicketSystemLib\TicketSystemLib.csproj", "{A35D315D-4E2A-415B-AAF8-385C944B46F1}"
EndProject
Global
	GlobalSection(SolutionConfigurationPlatforms) = preSolution
		Debug|Any CPU = Debug|Any CPU
		Release|Any CPU = Release|Any CPU
	EndGlobalSection
	GlobalSection(ProjectConfigurationPlatforms) = postSolution
		{29DF4D30-ABB8-4C39-B5F2-33786B7D45C8}.Debug|Any CPU.ActiveCfg = Debug|Any CPU
		{29DF4D30-ABB8-4C39-B5F2-33786B7D45C8}.Debug|Any CPU.Build.0 = Debug|Any CPU
		{29DF4D30-ABB8-4C39-B5F2-33786B7D45C8}.Release|Any CPU.ActiveCfg = Release|Any CPU
		{29DF4D30-ABB8-4C39-B5F2-33786B7D45C8}.Release|Any CPU.Build.0 = Release|Any CPU
		{3C4EF08A-0F98-4B92-850A-A9CFFDD20ED0}.Debug|Any CPU.ActiveCfg = Debug|Any CPU
		{3C4EF08A-0F98-4B92-850A-A9CFFDD20ED0}.Debug|Any CPU.Build.0 = Debug|Any CPU
		{3C4EF08A-0F98-4B92-850A-A9CFFDD20ED0}.Release|Any CPU.ActiveCfg = Release|Any CPU
		{3C4EF08A-0F98-4B92-850A-A9CFFDD20ED0}.Release|Any CPU.Build.0 = Release|Any CPU
		{A35D315D-4E2A-415B-AAF8-385C944B46F1}.Debug|Any CPU.ActiveCfg = Debug|Any CPU
		{A35D315D-4E2A-415B-AAF8-385C944B46F1}.Debug|Any CPU.Build.0 = Debug|Any CPU
		{A35D315D-4E2A-415B-AAF8-385C944B46F1}.Release|Any CPU.ActiveCfg = Release|Any CPU
		{A35D315D-4E2A-415B-AAF8-385C944B46F1}.Release|Any CPU.Build.0 = Release|Any CPU
	EndGlobalSection
	GlobalSection(SolutionProperties) = preSolution
		HideSolutionNode = FALSE
	EndGlobalSection
	GlobalSection(ExtensibilityGlobals) = postSolution
		SolutionGuid = {41926A60-8E60-46D3-A16E-9CBEF7A07402}
	EndGlobalSection
EndGlobal
